
Microsoft Visual Studio Solution File, Format Version 12.00
# Visual Studio 15
VisualStudioVersion = 15.0.27004.2009
MinimumVisualStudioVersion = 10.0.40219.1
Project("{FAE04EC0-301F-11D3-BF4B-00C04F79EFBC}") = "Allflex.API.Test", "Allflex.API.Test\Allflex.API.Test.csproj", "{B514637A-E3B6-4BAE-B067-0B7F52091647}"
EndProject
Project("{9A19103F-16F7-4668-BE54-9A1E7A4F7556}") = "Allflex.API.Client", "Allflex.API.Client\Allflex.API.Client.csproj", "{B3CFE77E-916B-42A3-8D59-10DB6D7448FC}"
EndProject
Global
	GlobalSection(SolutionConfigurationPlatforms) = preSolution
		Debug|Any CPU = Debug|Any CPU
		Release|Any CPU = Release|Any CPU
	EndGlobalSection
	GlobalSection(ProjectConfigurationPlatforms) = postSolution
		{B514637A-E3B6-4BAE-B067-0B7F52091647}.Debug|Any CPU.ActiveCfg = Debug|Any CPU
		{B514637A-E3B6-4BAE-B067-0B7F52091647}.Debug|Any CPU.Build.0 = Debug|Any CPU
		{B514637A-E3B6-4BAE-B067-0B7F52091647}.Release|Any CPU.ActiveCfg = Release|Any CPU
		{B514637A-E3B6-4BAE-B067-0B7F52091647}.Release|Any CPU.Build.0 = Release|Any CPU
		{B3CFE77E-916B-42A3-8D59-10DB6D7448FC}.Debug|Any CPU.ActiveCfg = Debug|Any CPU
		{B3CFE77E-916B-42A3-8D59-10DB6D7448FC}.Debug|Any CPU.Build.0 = Debug|Any CPU
		{B3CFE77E-916B-42A3-8D59-10DB6D7448FC}.Release|Any CPU.ActiveCfg = Release|Any CPU
		{B3CFE77E-916B-42A3-8D59-10DB6D7448FC}.Release|Any CPU.Build.0 = Release|Any CPU
	EndGlobalSection
	GlobalSection(SolutionProperties) = preSolution
		HideSolutionNode = FALSE
	EndGlobalSection
	GlobalSection(ExtensibilityGlobals) = postSolution
		SolutionGuid = {F8953AAE-5069-4F8F-BA78-D8BF520DF48F}
	EndGlobalSection
EndGlobal
